lockfileVersion: '6.0'

settings:
  autoInstallPeers: true
  excludeLinksFromLockfile: false

dependencies:
  csv:
    specifier: ^6.3.9
    version: 6.3.9

packages:

  /csv-generate@4.4.1:
    resolution: {integrity: sha512-O/einO0v4zPmXaOV+sYqGa02VkST4GP5GLpWBNHEouIU7pF3kpGf3D0kCCvX82ydIY4EKkOK+R8b1BYsRXravg==}
    dev: false

  /csv-parse@5.5.6:
    resolution: {integrity: sha512-uNpm30m/AGSkLxxy7d9yRXpJQFrZzVWLFBkS+6ngPcZkw/5k3L/jjFuj7tVnEpRn+QgmiXr21nDlhCiUK4ij2A==}
    dev: false

  /csv-stringify@6.5.0:
    resolution: {integrity: sha512-edlXFVKcUx7r8Vx5zQucsuMg4wb/xT6qyz+Sr1vnLrdXqlLD1+UKyWNyZ9zn6mUW1ewmGxrpVwAcChGF0HQ/2Q==}
    dev: false

  /csv@6.3.9:
    resolution: {integrity: sha512-eiN+Qu8NwSLxZYia6WzB8xlX/rAQ/8EgK5A4dIF7Bz96mzcr5dW1jlcNmjG0QWySWKfPdCerH3RQ96ZqqsE8cA==}
    engines: {node: '>= 0.1.90'}
    dependencies:
      csv-generate: 4.4.1
      csv-parse: 5.5.6
      csv-stringify: 6.5.0
      stream-transform: 3.3.2
    dev: false

  /stream-transform@3.3.2:
    resolution: {integrity: sha512-v64PUnPy9Qw94NGuaEMo+9RHQe4jTBYf+NkTtqkCgeuiNo8NlL0LtLR7fkKWNVFtp3RhIm5Dlxkgm5uz7TDimQ==}
    dev: false
